// !$*UTF8*$!
{
	archiveVersion = 1;
	classes = {
	};
	objectVersion = 50;
	objects = {

/* Begin PBXBuildFile section */
		F48FEED9A80B5774764BC621 /* Pods_CG2.framework in Frameworks */ = {isa = PBXBuildFile; fileRef = E84D9EC458465C30B183FA16 /* Pods_CG2.framework */; };
		F7037AD920ADE84200647472 /* MBADCell.swift in Sources */ = {isa = PBXBuildFile; fileRef = F7037AD820ADE84200647472 /* MBADCell.swift */; };
		F7037ADB20ADE87400647472 /* MBADItems.swift in Sources */ = {isa = PBXBuildFile; fileRef = F7037ADA20ADE87400647472 /* MBADItems.swift */; };
		F721358A210A0DEA00B4F831 /* VCMyBarNonAlcoholicDetail.swift in Sources */ = {isa = PBXBuildFile; fileRef = F7213589210A0DEA00B4F831 /* VCMyBarNonAlcoholicDetail.swift */; };
		F721358C210A1C9300B4F831 /* MBNADCell.swift in Sources */ = {isa = PBXBuildFile; fileRef = F721358B210A1C9300B4F831 /* MBNADCell.swift */; };
		F721359221118B5800B4F831 /* VCMyBarNonAlcoholicDetailReadMore.swift in Sources */ = {isa = PBXBuildFile; fileRef = F721359121118B5800B4F831 /* VCMyBarNonAlcoholicDetailReadMore.swift */; };
		F72C4DF8206A4C5E0051946A /* example.json in Resources */ = {isa = PBXBuildFile; fileRef = F72C4DF7206A4C5E0051946A /* example.json */; };
		F72C4DFC206CF68A0051946A /* TVCMyBarAlcoholicDetail.swift in Sources */ = {isa = PBXBuildFile; fileRef = F72C4DFB206CF68A0051946A /* TVCMyBarAlcoholicDetail.swift */; };
		F72C4E00206D98320051946A /* VCMyBarAlcoholicDetail.swift in Sources */ = {isa = PBXBuildFile; fileRef = F72C4DFF206D98320051946A /* VCMyBarAlcoholicDetail.swift */; };
		F73F08A82051708800E769A5 /* AppDelegate.swift in Sources */ = {isa = PBXBuildFile; fileRef = F73F08A72051708800E769A5 /* AppDelegate.swift */; };
		F73F08AD2051708800E769A5 /* Main.storyboard in Resources */ = {isa = PBXBuildFile; fileRef = F73F08AB2051708800E769A5 /* Main.storyboard */; };
		F73F08AF2051708800E769A5 /* Assets.xcassets in Resources */ = {isa = PBXBuildFile; fileRef = F73F08AE2051708800E769A5 /* Assets.xcassets */; };
		F73F08B22051708800E769A5 /* LaunchScreen.storyboard in Resources */ = {isa = PBXBuildFile; fileRef = F73F08B02051708800E769A5 /* LaunchScreen.storyboard */; };
		F73F08C120517D9200E769A5 /* HeaderVCMyBar.swift in Sources */ = {isa = PBXBuildFile; fileRef = F73F08C020517D9200E769A5 /* HeaderVCMyBar.swift */; };
		F73F08C520517EAD00E769A5 /* FourthViewController.swift in Sources */ = {isa = PBXBuildFile; fileRef = F73F08C420517EAD00E769A5 /* FourthViewController.swift */; };
		F73F08C720517EC100E769A5 /* FifthViewController.swift in Sources */ = {isa = PBXBuildFile; fileRef = F73F08C620517EC100E769A5 /* FifthViewController.swift */; };
		F73F08C920517ED600E769A5 /* SixthViewController.swift in Sources */ = {isa = PBXBuildFile; fileRef = F73F08C820517ED600E769A5 /* SixthViewController.swift */; };
		F73F08CB20517F7C00E769A5 /* SeventhViewController.swift in Sources */ = {isa = PBXBuildFile; fileRef = F73F08CA20517F7C00E769A5 /* SeventhViewController.swift */; };
		F74E346720A9CA5F000098AE /* Constants.swift in Sources */ = {isa = PBXBuildFile; fileRef = F74E346620A9CA5F000098AE /* Constants.swift */; };
		F74E346920AA0E07000098AE /* CocktailList.swift in Sources */ = {isa = PBXBuildFile; fileRef = F74E346820AA0E07000098AE /* CocktailList.swift */; };
		F75801912105076A0070009D /* CocktailDetail.swift in Sources */ = {isa = PBXBuildFile; fileRef = F75801902105076A0070009D /* CocktailDetail.swift */; };
		F7580193210507DC0070009D /* CocktailGlass.swift in Sources */ = {isa = PBXBuildFile; fileRef = F7580192210507DC0070009D /* CocktailGlass.swift */; };
		F7580195210508150070009D /* CocktailMethod.swift in Sources */ = {isa = PBXBuildFile; fileRef = F7580194210508150070009D /* CocktailMethod.swift */; };
		F7580197210509EA0070009D /* IngredientDetail.swift in Sources */ = {isa = PBXBuildFile; fileRef = F7580196210509EA0070009D /* IngredientDetail.swift */; };
		F758019921050A6F0070009D /* IngredientType.swift in Sources */ = {isa = PBXBuildFile; fileRef = F758019821050A6F0070009D /* IngredientType.swift */; };
		F758019B21050AE90070009D /* MyIngredient.swift in Sources */ = {isa = PBXBuildFile; fileRef = F758019A21050AE90070009D /* MyIngredient.swift */; };
		F75801B72105D6A60070009D /* IngredientService.swift in Sources */ = {isa = PBXBuildFile; fileRef = F75801B62105D6A60070009D /* IngredientService.swift */; };
		F75801B92105D7A00070009D /* IngredientDetailMyBarStruct.swift in Sources */ = {isa = PBXBuildFile; fileRef = F75801B82105D7A00070009D /* IngredientDetailMyBarStruct.swift */; };
		F75801BB21070FB40070009D /* MyBarNonAlcoholicCell.swift in Sources */ = {isa = PBXBuildFile; fileRef = F75801BA21070FB40070009D /* MyBarNonAlcoholicCell.swift */; };
		F75E0B1720C6E5BC00788F0F /* CG2.xcdatamodeld in Sources */ = {isa = PBXBuildFile; fileRef = F75E0B1520C6E5BC00788F0F /* CG2.xcdatamodeld */; };
		F771ED7D2063AE0C00C9C82A /* BaseVCMyBar.swift in Sources */ = {isa = PBXBuildFile; fileRef = F771ED7C2063AE0C00C9C82A /* BaseVCMyBar.swift */; };
		F771ED832063C55400C9C82A /* TableViewCellMyBarIntro.swift in Sources */ = {isa = PBXBuildFile; fileRef = F771ED822063C55400C9C82A /* TableViewCellMyBarIntro.swift */; };
		F771ED852063C58700C9C82A /* TableVCMybarIntro.swift in Sources */ = {isa = PBXBuildFile; fileRef = F771ED842063C58700C9C82A /* TableVCMybarIntro.swift */; };
		F771ED872063D1EA00C9C82A /* TableVCMyBarMyCocktails.swift in Sources */ = {isa = PBXBuildFile; fileRef = F771ED862063D1EA00C9C82A /* TableVCMyBarMyCocktails.swift */; };
		F771ED892063D1FE00C9C82A /* TableViewCellMyBarMyCocktails.swift in Sources */ = {isa = PBXBuildFile; fileRef = F771ED882063D1FE00C9C82A /* TableViewCellMyBarMyCocktails.swift */; };
		F771ED8B2063D20C00C9C82A /* TableVCMyBarMyBar.swift in Sources */ = {isa = PBXBuildFile; fileRef = F771ED8A2063D20C00C9C82A /* TableVCMyBarMyBar.swift */; };
		F771ED8D2063D21400C9C82A /* TableViewCellMyBarMyBar.swift in Sources */ = {isa = PBXBuildFile; fileRef = F771ED8C2063D21400C9C82A /* TableViewCellMyBarMyBar.swift */; };
		F771ED8F2063D21F00C9C82A /* TableVCMyBarShoppingList.swift in Sources */ = {isa = PBXBuildFile; fileRef = F771ED8E2063D21F00C9C82A /* TableVCMyBarShoppingList.swift */; };
		F771ED912063D22A00C9C82A /* TableViewCellMyBarShoppingList.swift in Sources */ = {isa = PBXBuildFile; fileRef = F771ED902063D22A00C9C82A /* TableViewCellMyBarShoppingList.swift */; };
		F771ED932063D23500C9C82A /* TableVCMyBarSuggestions.swift in Sources */ = {isa = PBXBuildFile; fileRef = F771ED922063D23500C9C82A /* TableVCMyBarSuggestions.swift */; };
		F771ED952063D24100C9C82A /* TableViewCellMyBarSuggestions.swift in Sources */ = {isa = PBXBuildFile; fileRef = F771ED942063D24000C9C82A /* TableViewCellMyBarSuggestions.swift */; };
		F771ED972063D24F00C9C82A /* VCMyBarAlcoholic.swift in Sources */ = {isa = PBXBuildFile; fileRef = F771ED962063D24F00C9C82A /* VCMyBarAlcoholic.swift */; };
		F771ED9B2063D26300C9C82A /* VCMyBarNonAlcoholic.swift in Sources */ = {isa = PBXBuildFile; fileRef = F771ED9A2063D26300C9C82A /* VCMyBarNonAlcoholic.swift */; };
		F771ED9D2063D26E00C9C82A /* TableViewCellMyBarNonAlcoholic.swift in Sources */ = {isa = PBXBuildFile; fileRef = F771ED9C2063D26E00C9C82A /* TableViewCellMyBarNonAlcoholic.swift */; };
		F78E49192052C231009E838D /* IBACocktailsVCCocktails.swift in Sources */ = {isa = PBXBuildFile; fileRef = F78E49182052C231009E838D /* IBACocktailsVCCocktails.swift */; };
		F78E491B2052C25D009E838D /* TableViewCellOne.swift in Sources */ = {isa = PBXBuildFile; fileRef = F78E491A2052C25D009E838D /* TableViewCellOne.swift */; };
		F78E491D2052C5A9009E838D /* PackagesVCCocktails.swift in Sources */ = {isa = PBXBuildFile; fileRef = F78E491C2052C5A9009E838D /* PackagesVCCocktails.swift */; };
		F78E491F2052C5D0009E838D /* TableViewCellTwo.swift in Sources */ = {isa = PBXBuildFile; fileRef = F78E491E2052C5D0009E838D /* TableViewCellTwo.swift */; };
		F78E49212052C60C009E838D /* Top100VCCocktails.swift in Sources */ = {isa = PBXBuildFile; fileRef = F78E49202052C60C009E838D /* Top100VCCocktails.swift */; };
		F78E49232052C621009E838D /* TableViewCellThree.swift in Sources */ = {isa = PBXBuildFile; fileRef = F78E49222052C621009E838D /* TableViewCellThree.swift */; };
		F78E49262052FE89009E838D /* BaseVCCocktails.swift in Sources */ = {isa = PBXBuildFile; fileRef = F78E49252052FE89009E838D /* BaseVCCocktails.swift */; };
		F78E4937205845E7009E838D /* HeaderVCCocktails.swift in Sources */ = {isa = PBXBuildFile; fileRef = F78E4936205845E7009E838D /* HeaderVCCocktails.swift */; };
		F795E4C720F00A77001FC697 /* CocktailDetail2.swift in Sources */ = {isa = PBXBuildFile; fileRef = F795E4C620F00A77001FC697 /* CocktailDetail2.swift */; };
		F7D472E020B305DB00362403 /* VCMyBarAlcoholicDetailReadMore.swift in Sources */ = {isa = PBXBuildFile; fileRef = F7D472DF20B305DB00362403 /* VCMyBarAlcoholicDetailReadMore.swift */; };
		F7FAAD652064F48F00A1916D /* MyBarAlcoholicItems.swift in Sources */ = {isa = PBXBuildFile; fileRef = F7FAAD642064F48F00A1916D /* MyBarAlcoholicItems.swift */; };
		F7FAAD672064F7A600A1916D /* MyBarAlcoholicCell.swift in Sources */ = {isa = PBXBuildFile; fileRef = F7FAAD662064F7A600A1916D /* MyBarAlcoholicCell.swift */; };
		F7FAAD6A20651F3200A1916D /* HeaderVCProfile.swift in Sources */ = {isa = PBXBuildFile; fileRef = F7FAAD6920651F3200A1916D /* HeaderVCProfile.swift */; };
		F7FAAD6C20651F4400A1916D /* BaseVCProfile.swift in Sources */ = {isa = PBXBuildFile; fileRef = F7FAAD6B20651F4400A1916D /* BaseVCProfile.swift */; };
		F7FAAD6E2065222500A1916D /* VCProfileIntro.swift in Sources */ = {isa = PBXBuildFile; fileRef = F7FAAD6D2065222500A1916D /* VCProfileIntro.swift */; };
		F7FAAD702065252C00A1916D /* VCProfileAlcoholic.swift in Sources */ = {isa = PBXBuildFile; fileRef = F7FAAD6F2065252C00A1916D /* VCProfileAlcoholic.swift */; };
		F7FAAD72206528AE00A1916D /* ProfileAlcoholicItems.swift in Sources */ = {isa = PBXBuildFile; fileRef = F7FAAD71206528AE00A1916D /* ProfileAlcoholicItems.swift */; };
		F7FAAD74206528C100A1916D /* ProfileAlcoholicCell.swift in Sources */ = {isa = PBXBuildFile; fileRef = F7FAAD73206528C100A1916D /* ProfileAlcoholicCell.swift */; };
/* End PBXBuildFile section */

/* Begin PBXFileReference section */
		301CC0282EECA8FA1B058895 /* Pods-CG2.debug.xcconfig */ = {isa = PBXFileReference; includeInIndex = 1; lastKnownFileType = text.xcconfig; name = "Pods-CG2.debug.xcconfig"; path = "Pods/Target Support Files/Pods-CG2/Pods-CG2.debug.xcconfig"; sourceTree = "<group>"; };
		E84D9EC458465C30B183FA16 /* Pods_CG2.framework */ = {isa = PBXFileReference; explicitFileType = wrapper.framework; includeInIndex = 0; path = Pods_CG2.framework; sourceTree = BUILT_PRODUCTS_DIR; };
		F7037AD820ADE84200647472 /* MBADCell.swift */ = {isa = PBXFileReference; lastKnownFileType = sourcecode.swift; path = MBADCell.swift; sourceTree = "<group>"; };
		F7037ADA20ADE87400647472 /* MBADItems.swift */ = {isa = PBXFileReference; lastKnownFileType = sourcecode.swift; path = MBADItems.swift; sourceTree = "<group>"; };
		F7213589210A0DEA00B4F831 /* VCMyBarNonAlcoholicDetail.swift */ = {isa = PBXFileReference; lastKnownFileType = sourcecode.swift; path = VCMyBarNonAlcoholicDetail.swift; sourceTree = "<group>"; };
		F721358B210A1C9300B4F831 /* MBNADCell.swift */ = {isa = PBXFileReference; lastKnownFileType = sourcecode.swift; path = MBNADCell.swift; sourceTree = "<group>"; };
		F721359121118B5800B4F831 /* VCMyBarNonAlcoholicDetailReadMore.swift */ = {isa = PBXFileReference; lastKnownFileType = sourcecode.swift; path = VCMyBarNonAlcoholicDetailReadMore.swift; sourceTree = "<group>"; };
		F72C4DF7206A4C5E0051946A /* example.json */ = {isa = PBXFileReference; fileEncoding = 4; lastKnownFileType = text.json; path = example.json; sourceTree = "<group>"; };
		F72C4DFB206CF68A0051946A /* TVCMyBarAlcoholicDetail.swift */ = {isa = PBXFileReference; lastKnownFileType = sourcecode.swift; path = TVCMyBarAlcoholicDetail.swift; sourceTree = "<group>"; };
		F72C4DFF206D98320051946A /* VCMyBarAlcoholicDetail.swift */ = {isa = PBXFileReference; lastKnownFileType = sourcecode.swift; path = VCMyBarAlcoholicDetail.swift; sourceTree = "<group>"; };
		F73F08A42051708800E769A5 /* CG2.app */ = {isa = PBXFileReference; explicitFileType = wrapper.application; includeInIndex = 0; path = CG2.app; sourceTree = BUILT_PRODUCTS_DIR; };
		F73F08A72051708800E769A5 /* AppDelegate.swift */ = {isa = PBXFileReference; lastKnownFileType = sourcecode.swift; path = AppDelegate.swift; sourceTree = "<group>"; };
		F73F08AC2051708800E769A5 /* Base */ = {isa = PBXFileReference; lastKnownFileType = file.storyboard; name = Base; path = Base.lproj/Main.storyboard; sourceTree = "<group>"; };
		F73F08AE2051708800E769A5 /* Assets.xcassets */ = {isa = PBXFileReference; lastKnownFileType = folder.assetcatalog; path = Assets.xcassets; sourceTree = "<group>"; };
		F73F08B12051708800E769A5 /* Base */ = {isa = PBXFileReference; lastKnownFileType = file.storyboard; name = Base; path = Base.lproj/LaunchScreen.storyboard; sourceTree = "<group>"; };
		F73F08B32051708800E769A5 /* Info.plist */ = {isa = PBXFileReference; lastKnownFileType = text.plist.xml; path = Info.plist; sourceTree = "<group>"; };
		F73F08C020517D9200E769A5 /* HeaderVCMyBar.swift */ = {isa = PBXFileReference; lastKnownFileType = sourcecode.swift; path = HeaderVCMyBar.swift; sourceTree = "<group>"; };
		F73F08C420517EAD00E769A5 /* FourthViewController.swift */ = {isa = PBXFileReference; lastKnownFileType = sourcecode.swift; path = FourthViewController.swift; sourceTree = "<group>"; };
		F73F08C620517EC100E769A5 /* FifthViewController.swift */ = {isa = PBXFileReference; lastKnownFileType = sourcecode.swift; path = FifthViewController.swift; sourceTree = "<group>"; };
		F73F08C820517ED600E769A5 /* SixthViewController.swift */ = {isa = PBXFileReference; lastKnownFileType = sourcecode.swift; path = SixthViewController.swift; sourceTree = "<group>"; };
		F73F08CA20517F7C00E769A5 /* SeventhViewController.swift */ = {isa = PBXFileReference; lastKnownFileType = sourcecode.swift; path = SeventhViewController.swift; sourceTree = "<group>"; };
		F74E346620A9CA5F000098AE /* Constants.swift */ = {isa = PBXFileReference; lastKnownFileType = sourcecode.swift; path = Constants.swift; sourceTree = "<group>"; };
		F74E346820AA0E07000098AE /* CocktailList.swift */ = {isa = PBXFileReference; lastKnownFileType = sourcecode.swift; path = CocktailList.swift; sourceTree = "<group>"; };
		F75801902105076A0070009D /* CocktailDetail.swift */ = {isa = PBXFileReference; lastKnownFileType = sourcecode.swift; path = CocktailDetail.swift; sourceTree = "<group>"; };
		F7580192210507DC0070009D /* CocktailGlass.swift */ = {isa = PBXFileReference; lastKnownFileType = sourcecode.swift; path = CocktailGlass.swift; sourceTree = "<group>"; };
		F7580194210508150070009D /* CocktailMethod.swift */ = {isa = PBXFileReference; lastKnownFileType = sourcecode.swift; path = CocktailMethod.swift; sourceTree = "<group>"; };
		F7580196210509EA0070009D /* IngredientDetail.swift */ = {isa = PBXFileReference; lastKnownFileType = sourcecode.swift; path = IngredientDetail.swift; sourceTree = "<group>"; };
		F758019821050A6F0070009D /* IngredientType.swift */ = {isa = PBXFileReference; lastKnownFileType = sourcecode.swift; path = IngredientType.swift; sourceTree = "<group>"; };
		F758019A21050AE90070009D /* MyIngredient.swift */ = {isa = PBXFileReference; lastKnownFileType = sourcecode.swift; path = MyIngredient.swift; sourceTree = "<group>"; };
		F75801B62105D6A60070009D /* IngredientService.swift */ = {isa = PBXFileReference; lastKnownFileType = sourcecode.swift; path = IngredientService.swift; sourceTree = "<group>"; };
		F75801B82105D7A00070009D /* IngredientDetailMyBarStruct.swift */ = {isa = PBXFileReference; lastKnownFileType = sourcecode.swift; path = IngredientDetailMyBarStruct.swift; sourceTree = "<group>"; };
		F75801BA21070FB40070009D /* MyBarNonAlcoholicCell.swift */ = {isa = PBXFileReference; lastKnownFileType = sourcecode.swift; path = MyBarNonAlcoholicCell.swift; sourceTree = "<group>"; };
		F75E0B1620C6E5BC00788F0F /* CG2.xcdatamodel */ = {isa = PBXFileReference; lastKnownFileType = wrapper.xcdatamodel; path = CG2.xcdatamodel; sourceTree = "<group>"; };
		F771ED7C2063AE0C00C9C82A /* BaseVCMyBar.swift */ = {isa = PBXFileReference; lastKnownFileType = sourcecode.swift; path = BaseVCMyBar.swift; sourceTree = "<group>"; };
		F771ED822063C55400C9C82A /* TableViewCellMyBarIntro.swift */ = {isa = PBXFileReference; lastKnownFileType = sourcecode.swift; path = TableViewCellMyBarIntro.swift; sourceTree = "<group>"; };
		F771ED842063C58700C9C82A /* TableVCMybarIntro.swift */ = {isa = PBXFileReference; lastKnownFileType = sourcecode.swift; path = TableVCMybarIntro.swift; sourceTree = "<group>"; };
		F771ED862063D1EA00C9C82A /* TableVCMyBarMyCocktails.swift */ = {isa = PBXFileReference; lastKnownFileType = sourcecode.swift; path = TableVCMyBarMyCocktails.swift; sourceTree = "<group>"; };
		F771ED882063D1FE00C9C82A /* TableViewCellMyBarMyCocktails.swift */ = {isa = PBXFileReference; lastKnownFileType = sourcecode.swift; path = TableViewCellMyBarMyCocktails.swift; sourceTree = "<group>"; };
		F771ED8A2063D20C00C9C82A /* TableVCMyBarMyBar.swift */ = {isa = PBXFileReference; lastKnownFileType = sourcecode.swift; path = TableVCMyBarMyBar.swift; sourceTree = "<group>"; };
		F771ED8C2063D21400C9C82A /* TableViewCellMyBarMyBar.swift */ = {isa = PBXFileReference; lastKnownFileType = sourcecode.swift; path = TableViewCellMyBarMyBar.swift; sourceTree = "<group>"; };
		F771ED8E2063D21F00C9C82A /* TableVCMyBarShoppingList.swift */ = {isa = PBXFileReference; lastKnownFileType = sourcecode.swift; path = TableVCMyBarShoppingList.swift; sourceTree = "<group>"; };
		F771ED902063D22A00C9C82A /* TableViewCellMyBarShoppingList.swift */ = {isa = PBXFileReference; lastKnownFileType = sourcecode.swift; path = TableViewCellMyBarShoppingList.swift; sourceTree = "<group>"; };
		F771ED922063D23500C9C82A /* TableVCMyBarSuggestions.swift */ = {isa = PBXFileReference; lastKnownFileType = sourcecode.swift; path = TableVCMyBarSuggestions.swift; sourceTree = "<group>"; };
		F771ED942063D24000C9C82A /* TableViewCellMyBarSuggestions.swift */ = {isa = PBXFileReference; lastKnownFileType = sourcecode.swift; path = TableViewCellMyBarSuggestions.swift; sourceTree = "<group>"; };
		F771ED962063D24F00C9C82A /* VCMyBarAlcoholic.swift */ = {isa = PBXFileReference; lastKnownFileType = sourcecode.swift; path = VCMyBarAlcoholic.swift; sourceTree = "<group>"; };
		F771ED9A2063D26300C9C82A /* VCMyBarNonAlcoholic.swift */ = {isa = PBXFileReference; lastKnownFileType = sourcecode.swift; path = VCMyBarNonAlcoholic.swift; sourceTree = "<group>"; };
		F771ED9C2063D26E00C9C82A /* TableViewCellMyBarNonAlcoholic.swift */ = {isa = PBXFileReference; lastKnownFileType = sourcecode.swift; path = TableViewCellMyBarNonAlcoholic.swift; sourceTree = "<group>"; };
		F78E49182052C231009E838D /* IBACocktailsVCCocktails.swift */ = {isa = PBXFileReference; lastKnownFileType = sourcecode.swift; path = IBACocktailsVCCocktails.swift; sourceTree = "<group>"; };
		F78E491A2052C25D009E838D /* TableViewCellOne.swift */ = {isa = PBXFileReference; lastKnownFileType = sourcecode.swift; path = TableViewCellOne.swift; sourceTree = "<group>"; };
		F78E491C2052C5A9009E838D /* PackagesVCCocktails.swift */ = {isa = PBXFileReference; lastKnownFileType = sourcecode.swift; path = PackagesVCCocktails.swift; sourceTree = "<group>"; };
		F78E491E2052C5D0009E838D /* TableViewCellTwo.swift */ = {isa = PBXFileReference; lastKnownFileType = sourcecode.swift; path = TableViewCellTwo.swift; sourceTree = "<group>"; };
		F78E49202052C60C009E838D /* Top100VCCocktails.swift */ = {isa = PBXFileReference; lastKnownFileType = sourcecode.swift; path = Top100VCCocktails.swift; sourceTree = "<group>"; };
		F78E49222052C621009E838D /* TableViewCellThree.swift */ = {isa = PBXFileReference; lastKnownFileType = sourcecode.swift; path = TableViewCellThree.swift; sourceTree = "<group>"; };
		F78E49252052FE89009E838D /* BaseVCCocktails.swift */ = {isa = PBXFileReference; lastKnownFileType = sourcecode.swift; path = BaseVCCocktails.swift; sourceTree = "<group>"; };
		F78E4936205845E7009E838D /* HeaderVCCocktails.swift */ = {isa = PBXFileReference; lastKnownFileType = sourcecode.swift; path = HeaderVCCocktails.swift; sourceTree = "<group>"; };
		F795E4C620F00A77001FC697 /* CocktailDetail2.swift */ = {isa = PBXFileReference; lastKnownFileType = sourcecode.swift; path = CocktailDetail2.swift; sourceTree = "<group>"; };
		F7D472DF20B305DB00362403 /* VCMyBarAlcoholicDetailReadMore.swift */ = {isa = PBXFileReference; lastKnownFileType = sourcecode.swift; path = VCMyBarAlcoholicDetailReadMore.swift; sourceTree = "<group>"; };
		F7FAAD642064F48F00A1916D /* MyBarAlcoholicItems.swift */ = {isa = PBXFileReference; lastKnownFileType = sourcecode.swift; path = MyBarAlcoholicItems.swift; sourceTree = "<group>"; };
		F7FAAD662064F7A600A1916D /* MyBarAlcoholicCell.swift */ = {isa = PBXFileReference; lastKnownFileType = sourcecode.swift; path = MyBarAlcoholicCell.swift; sourceTree = "<group>"; };
		F7FAAD6920651F3200A1916D /* HeaderVCProfile.swift */ = {isa = PBXFileReference; lastKnownFileType = sourcecode.swift; path = HeaderVCProfile.swift; sourceTree = "<group>"; };
		F7FAAD6B20651F4400A1916D /* BaseVCProfile.swift */ = {isa = PBXFileReference; lastKnownFileType = sourcecode.swift; path = BaseVCProfile.swift; sourceTree = "<group>"; };
		F7FAAD6D2065222500A1916D /* VCProfileIntro.swift */ = {isa = PBXFileReference; lastKnownFileType = sourcecode.swift; path = VCProfileIntro.swift; sourceTree = "<group>"; };
		F7FAAD6F2065252C00A1916D /* VCProfileAlcoholic.swift */ = {isa = PBXFileReference; lastKnownFileType = sourcecode.swift; path = VCProfileAlcoholic.swift; sourceTree = "<group>"; };
		F7FAAD71206528AE00A1916D /* ProfileAlcoholicItems.swift */ = {isa = PBXFileReference; lastKnownFileType = sourcecode.swift; path = ProfileAlcoholicItems.swift; sourceTree = "<group>"; };
		F7FAAD73206528C100A1916D /* ProfileAlcoholicCell.swift */ = {isa = PBXFileReference; lastKnownFileType = sourcecode.swift; path = ProfileAlcoholicCell.swift; sourceTree = "<group>"; };
		FB837EACEF8ACA1DF336B94A /* Pods-CG2.release.xcconfig */ = {isa = PBXFileReference; includeInIndex = 1; lastKnownFileType = text.xcconfig; name = "Pods-CG2.release.xcconfig"; path = "Pods/Target Support Files/Pods-CG2/Pods-CG2.release.xcconfig"; sourceTree = "<group>"; };
/* End PBXFileReference section */

/* Begin PBXFrameworksBuildPhase section */
		F73F08A12051708800E769A5 /* Frameworks */ = {
			isa = PBXFrameworksBuildPhase;
			buildActionMask = 2147483647;
			files = (
				F48FEED9A80B5774764BC621 /* Pods_CG2.framework in Frameworks */,
			);
			runOnlyForDeploymentPostprocessing = 0;
		};
/* End PBXFrameworksBuildPhase section */

/* Begin PBXGroup section */
		D72ED30E626C206911281F7B /* Pods */ = {
			isa = PBXGroup;
			children = (
				301CC0282EECA8FA1B058895 /* Pods-CG2.debug.xcconfig */,
				FB837EACEF8ACA1DF336B94A /* Pods-CG2.release.xcconfig */,
			);
			name = Pods;
			sourceTree = "<group>";
		};
		ED9A06410CD720331D5E62CA /* Frameworks */ = {
			isa = PBXGroup;
			children = (
				E84D9EC458465C30B183FA16 /* Pods_CG2.framework */,
			);
			name = Frameworks;
			sourceTree = "<group>";
		};
		F73F089B2051708800E769A5 = {
			isa = PBXGroup;
			children = (
				F73F08A62051708800E769A5 /* CG2 */,
				F73F08A52051708800E769A5 /* Products */,
				D72ED30E626C206911281F7B /* Pods */,
				ED9A06410CD720331D5E62CA /* Frameworks */,
			);
			sourceTree = "<group>";
		};
		F73F08A52051708800E769A5 /* Products */ = {
			isa = PBXGroup;
			children = (
				F73F08A42051708800E769A5 /* CG2.app */,
			);
			name = Products;
			sourceTree = "<group>";
		};
		F73F08A62051708800E769A5 /* CG2 */ = {
			isa = PBXGroup;
			children = (
				F75E0B1920C91EB700788F0F /* Extensions */,
				F75E0B1820C91EAE00788F0F /* Enums */,
				F75801B52105D67C0070009D /* Services */,
				F73F08BC205170B400E769A5 /* Model */,
				F73F08BB205170AB00E769A5 /* View */,
				F73F08B92051709200E769A5 /* Controller */,
				F73F08A72051708800E769A5 /* AppDelegate.swift */,
				F73F08AB2051708800E769A5 /* Main.storyboard */,
				F72C4DF7206A4C5E0051946A /* example.json */,
				F73F08AE2051708800E769A5 /* Assets.xcassets */,
				F73F08B02051708800E769A5 /* LaunchScreen.storyboard */,
				F73F08B32051708800E769A5 /* Info.plist */,
				F75E0B1520C6E5BC00788F0F /* CG2.xcdatamodeld */,
				F74E346620A9CA5F000098AE /* Constants.swift */,
				F74E346820AA0E07000098AE /* CocktailList.swift */,
				F795E4C620F00A77001FC697 /* CocktailDetail2.swift */,
			);
			path = CG2;
			sourceTree = "<group>";
		};
		F73F08B92051709200E769A5 /* Controller */ = {
			isa = PBXGroup;
			children = (
				F771ED7E2063C3E200C9C82A /* Cocktails */,
				F771ED7F2063C3F000C9C82A /* MyBar */,
				F771ED802063C41200C9C82A /* Profile */,
				F771ED812063C41B00C9C82A /* Academy */,
				F73F08C620517EC100E769A5 /* FifthViewController.swift */,
				F73F08C820517ED600E769A5 /* SixthViewController.swift */,
				F73F08CA20517F7C00E769A5 /* SeventhViewController.swift */,
			);
			path = Controller;
			sourceTree = "<group>";
		};
		F73F08BB205170AB00E769A5 /* View */ = {
			isa = PBXGroup;
			children = (
				F7FAAD662064F7A600A1916D /* MyBarAlcoholicCell.swift */,
				F75801BA21070FB40070009D /* MyBarNonAlcoholicCell.swift */,
				F7FAAD73206528C100A1916D /* ProfileAlcoholicCell.swift */,
				F7037AD820ADE84200647472 /* MBADCell.swift */,
				F721358B210A1C9300B4F831 /* MBNADCell.swift */,
				F771ED8C2063D21400C9C82A /* TableViewCellMyBarMyBar.swift */,
				F771ED902063D22A00C9C82A /* TableViewCellMyBarShoppingList.swift */,
			);
			path = View;
			sourceTree = "<group>";
		};
		F73F08BC205170B400E769A5 /* Model */ = {
			isa = PBXGroup;
			children = (
				F7FAAD642064F48F00A1916D /* MyBarAlcoholicItems.swift */,
				F7FAAD71206528AE00A1916D /* ProfileAlcoholicItems.swift */,
				F7037ADA20ADE87400647472 /* MBADItems.swift */,
				F75801902105076A0070009D /* CocktailDetail.swift */,
				F7580192210507DC0070009D /* CocktailGlass.swift */,
				F7580194210508150070009D /* CocktailMethod.swift */,
				F7580196210509EA0070009D /* IngredientDetail.swift */,
				F75801B82105D7A00070009D /* IngredientDetailMyBarStruct.swift */,
				F758019821050A6F0070009D /* IngredientType.swift */,
				F758019A21050AE90070009D /* MyIngredient.swift */,
			);
			path = Model;
			sourceTree = "<group>";
		};
		F75801B52105D67C0070009D /* Services */ = {
			isa = PBXGroup;
			children = (
				F75801B62105D6A60070009D /* IngredientService.swift */,
			);
			path = Services;
			sourceTree = "<group>";
		};
		F75E0B1820C91EAE00788F0F /* Enums */ = {
			isa = PBXGroup;
			children = (
			);
			path = Enums;
			sourceTree = "<group>";
		};
		F75E0B1920C91EB700788F0F /* Extensions */ = {
			isa = PBXGroup;
			children = (
			);
			path = Extensions;
			sourceTree = "<group>";
		};
		F771ED7E2063C3E200C9C82A /* Cocktails */ = {
			isa = PBXGroup;
			children = (
				F78E4936205845E7009E838D /* HeaderVCCocktails.swift */,
				F78E49252052FE89009E838D /* BaseVCCocktails.swift */,
				F78E49182052C231009E838D /* IBACocktailsVCCocktails.swift */,
				F78E491A2052C25D009E838D /* TableViewCellOne.swift */,
				F78E491C2052C5A9009E838D /* PackagesVCCocktails.swift */,
				F78E491E2052C5D0009E838D /* TableViewCellTwo.swift */,
				F78E49202052C60C009E838D /* Top100VCCocktails.swift */,
				F78E49222052C621009E838D /* TableViewCellThree.swift */,
			);
			path = Cocktails;
			sourceTree = "<group>";
		};
		F771ED7F2063C3F000C9C82A /* MyBar */ = {
			isa = PBXGroup;
			children = (
				F73F08C020517D9200E769A5 /* HeaderVCMyBar.swift */,
				F771ED7C2063AE0C00C9C82A /* BaseVCMyBar.swift */,
				F771ED842063C58700C9C82A /* TableVCMybarIntro.swift */,
				F771ED822063C55400C9C82A /* TableViewCellMyBarIntro.swift */,
				F771ED862063D1EA00C9C82A /* TableVCMyBarMyCocktails.swift */,
				F771ED882063D1FE00C9C82A /* TableViewCellMyBarMyCocktails.swift */,
				F771ED8A2063D20C00C9C82A /* TableVCMyBarMyBar.swift */,
				F771ED8E2063D21F00C9C82A /* TableVCMyBarShoppingList.swift */,
				F771ED922063D23500C9C82A /* TableVCMyBarSuggestions.swift */,
				F771ED942063D24000C9C82A /* TableViewCellMyBarSuggestions.swift */,
				F72C4DFB206CF68A0051946A /* TVCMyBarAlcoholicDetail.swift */,
				F771ED962063D24F00C9C82A /* VCMyBarAlcoholic.swift */,
				F72C4DFF206D98320051946A /* VCMyBarAlcoholicDetail.swift */,
				F7D472DF20B305DB00362403 /* VCMyBarAlcoholicDetailReadMore.swift */,
				F771ED9A2063D26300C9C82A /* VCMyBarNonAlcoholic.swift */,
				F7213589210A0DEA00B4F831 /* VCMyBarNonAlcoholicDetail.swift */,
				F721359121118B5800B4F831 /* VCMyBarNonAlcoholicDetailReadMore.swift */,
				F771ED9C2063D26E00C9C82A /* TableViewCellMyBarNonAlcoholic.swift */,
			);
			path = MyBar;
			sourceTree = "<group>";
		};
		F771ED802063C41200C9C82A /* Profile */ = {
			isa = PBXGroup;
			children = (
				F7FAAD6920651F3200A1916D /* HeaderVCProfile.swift */,
				F7FAAD6B20651F4400A1916D /* BaseVCProfile.swift */,
				F7FAAD6D2065222500A1916D /* VCProfileIntro.swift */,
				F7FAAD6F2065252C00A1916D /* VCProfileAlcoholic.swift */,
			);
			path = Profile;
			sourceTree = "<group>";
		};
		F771ED812063C41B00C9C82A /* Academy */ = {
			isa = PBXGroup;
			children = (
				F73F08C420517EAD00E769A5 /* FourthViewController.swift */,
			);
			path = Academy;
			sourceTree = "<group>";
		};
/* End PBXGroup section */

/* Begin PBXNativeTarget section */
		F73F08A32051708800E769A5 /* CG2 */ = {
			isa = PBXNativeTarget;
			buildConfigurationList = F73F08B62051708800E769A5 /* Build configuration list for PBXNativeTarget "CG2" */;
			buildPhases = (
				E09039A5E90E413C722FDB4D /* [CP] Check Pods Manifest.lock */,
				F73F08A02051708800E769A5 /* Sources */,
				F73F08A12051708800E769A5 /* Frameworks */,
				F73F08A22051708800E769A5 /* Resources */,
				45FEA86F609955D0DB685371 /* [CP] Embed Pods Frameworks */,
			);
			buildRules = (
			);
			dependencies = (
			);
			name = CG2;
			productName = CG2;
			productReference = F73F08A42051708800E769A5 /* CG2.app */;
			productType = "com.apple.product-type.application";
		};
/* End PBXNativeTarget section */

/* Begin PBXProject section */
		F73F089C2051708800E769A5 /* Project object */ = {
			isa = PBXProject;
			attributes = {
				LastSwiftUpdateCheck = 0920;
				LastUpgradeCheck = 0930;
				ORGANIZATIONNAME = "Tomáš Dobrotka";
				TargetAttributes = {
					F73F08A32051708800E769A5 = {
						CreatedOnToolsVersion = 9.2;
						ProvisioningStyle = Automatic;
					};
				};
			};
			buildConfigurationList = F73F089F2051708800E769A5 /* Build configuration list for PBXProject "CG2" */;
			compatibilityVersion = "Xcode 9.3";
			developmentRegion = en;
			hasScannedForEncodings = 0;
			knownRegions = (
				en,
				Base,
			);
			mainGroup = F73F089B2051708800E769A5;
			productRefGroup = F73F08A52051708800E769A5 /* Products */;
			projectDirPath = "";
			projectRoot = "";
			targets = (
				F73F08A32051708800E769A5 /* CG2 */,
			);
		};
/* End PBXProject section */

/* Begin PBXResourcesBuildPhase section */
		F73F08A22051708800E769A5 /* Resources */ = {
			isa = PBXResourcesBuildPhase;
			buildActionMask = 2147483647;
			files = (
				F72C4DF8206A4C5E0051946A /* example.json in Resources */,
				F73F08B22051708800E769A5 /* LaunchScreen.storyboard in Resources */,
				F73F08AF2051708800E769A5 /* Assets.xcassets in Resources */,
				F73F08AD2051708800E769A5 /* Main.storyboard in Resources */,
			);
			runOnlyForDeploymentPostprocessing = 0;
		};
/* End PBXResourcesBuildPhase section */

/* Begin PBXShellScriptBuildPhase section */
		45FEA86F609955D0DB685371 /* [CP] Embed Pods Frameworks */ = {
			isa = PBXShellScriptBuildPhase;
			buildActionMask = 2147483647;
			files = (
			);
			inputPaths = (
				"${SRCROOT}/Pods/Target Support Files/Pods-CG2/Pods-CG2-frameworks.sh",
				"${BUILT_PRODUCTS_DIR}/Alamofire/Alamofire.framework",
				"${BUILT_PRODUCTS_DIR}/AlamofireImage/AlamofireImage.framework",
				"${BUILT_PRODUCTS_DIR}/SwiftyJSON/SwiftyJSON.framework",
				"${BUILT_PRODUCTS_DIR}/XLPagerTabStrip/XLPagerTabStrip.framework",
			);
			name = "[CP] Embed Pods Frameworks";
			outputPaths = (
				"${TARGET_BUILD_DIR}/${FRAMEWORKS_FOLDER_PATH}/Alamofire.framework",
				"${TARGET_BUILD_DIR}/${FRAMEWORKS_FOLDER_PATH}/AlamofireImage.framework",
				"${TARGET_BUILD_DIR}/${FRAMEWORKS_FOLDER_PATH}/SwiftyJSON.framework",
				"${TARGET_BUILD_DIR}/${FRAMEWORKS_FOLDER_PATH}/XLPagerTabStrip.framework",
			);
			runOnlyForDeploymentPostprocessing = 0;
			shellPath = /bin/sh;
			shellScript = "\"${SRCROOT}/Pods/Target Support Files/Pods-CG2/Pods-CG2-frameworks.sh\"\n";
			showEnvVarsInLog = 0;
		};
		E09039A5E90E413C722FDB4D /* [CP] Check Pods Manifest.lock */ = {
			isa = PBXShellScriptBuildPhase;
			buildActionMask = 2147483647;
			files = (
			);
			inputPaths = (
				"${PODS_PODFILE_DIR_PATH}/Podfile.lock",
				"${PODS_ROOT}/Manifest.lock",
			);
			name = "[CP] Check Pods Manifest.lock";
			outputPaths = (
				"$(DERIVED_FILE_DIR)/Pods-CG2-checkManifestLockResult.txt",
			);
			runOnlyForDeploymentPostprocessing = 0;
			shellPath = /bin/sh;
			shellScript = "diff \"${PODS_PODFILE_DIR_PATH}/Podfile.lock\" \"${PODS_ROOT}/Manifest.lock\" > /dev/null\nif [ $? != 0 ] ; then\n    # print error to STDERR\n    echo \"error: The sandbox is not in sync with the Podfile.lock. Run 'pod install' or update your CocoaPods installation.\" >&2\n    exit 1\nfi\n# This output is used by Xcode 'outputs' to avoid re-running this script phase.\necho \"SUCCESS\" > \"${SCRIPT_OUTPUT_FILE_0}\"\n";
			showEnvVarsInLog = 0;
		};
/* End PBXShellScriptBuildPhase section */

/* Begin PBXSourcesBuildPhase section */
		F73F08A02051708800E769A5 /* Sources */ = {
			isa = PBXSourcesBuildPhase;
			buildActionMask = 2147483647;
			files = (
				F75801B72105D6A60070009D /* IngredientService.swift in Sources */,
				F75E0B1720C6E5BC00788F0F /* CG2.xcdatamodeld in Sources */,
				F73F08C720517EC100E769A5 /* FifthViewController.swift in Sources */,
				F7D472E020B305DB00362403 /* VCMyBarAlcoholicDetailReadMore.swift in Sources */,
				F771ED8D2063D21400C9C82A /* TableViewCellMyBarMyBar.swift in Sources */,
				F73F08C920517ED600E769A5 /* SixthViewController.swift in Sources */,
				F795E4C720F00A77001FC697 /* CocktailDetail2.swift in Sources */,
				F7FAAD6C20651F4400A1916D /* BaseVCProfile.swift in Sources */,
				F7580197210509EA0070009D /* IngredientDetail.swift in Sources */,
				F771ED932063D23500C9C82A /* TableVCMyBarSuggestions.swift in Sources */,
				F73F08CB20517F7C00E769A5 /* SeventhViewController.swift in Sources */,
				F771ED8B2063D20C00C9C82A /* TableVCMyBarMyBar.swift in Sources */,
				F7580195210508150070009D /* CocktailMethod.swift in Sources */,
				F771ED8F2063D21F00C9C82A /* TableVCMyBarShoppingList.swift in Sources */,
				F7FAAD6A20651F3200A1916D /* HeaderVCProfile.swift in Sources */,
				F73F08C120517D9200E769A5 /* HeaderVCMyBar.swift in Sources */,
				F7FAAD6E2065222500A1916D /* VCProfileIntro.swift in Sources */,
				F75801912105076A0070009D /* CocktailDetail.swift in Sources */,
				F78E49262052FE89009E838D /* BaseVCCocktails.swift in Sources */,
				F771ED912063D22A00C9C82A /* TableViewCellMyBarShoppingList.swift in Sources */,
				F721358A210A0DEA00B4F831 /* VCMyBarNonAlcoholicDetail.swift in Sources */,
				F78E491D2052C5A9009E838D /* PackagesVCCocktails.swift in Sources */,
				F78E49212052C60C009E838D /* Top100VCCocktails.swift in Sources */,
				F7037AD920ADE84200647472 /* MBADCell.swift in Sources */,
				F758019B21050AE90070009D /* MyIngredient.swift in Sources */,
				F7FAAD652064F48F00A1916D /* MyBarAlcoholicItems.swift in Sources */,
				F78E49192052C231009E838D /* IBACocktailsVCCocktails.swift in Sources */,
				F771ED852063C58700C9C82A /* TableVCMybarIntro.swift in Sources */,
				F7FAAD72206528AE00A1916D /* ProfileAlcoholicItems.swift in Sources */,
				F771ED972063D24F00C9C82A /* VCMyBarAlcoholic.swift in Sources */,
				F74E346720A9CA5F000098AE /* Constants.swift in Sources */,
				F73F08A82051708800E769A5 /* AppDelegate.swift in Sources */,
				F771ED9B2063D26300C9C82A /* VCMyBarNonAlcoholic.swift in Sources */,
				F72C4DFC206CF68A0051946A /* TVCMyBarAlcoholicDetail.swift in Sources */,
				F78E491B2052C25D009E838D /* TableViewCellOne.swift in Sources */,
				F758019921050A6F0070009D /* IngredientType.swift in Sources */,
				F771ED7D2063AE0C00C9C82A /* BaseVCMyBar.swift in Sources */,
				F771ED832063C55400C9C82A /* TableViewCellMyBarIntro.swift in Sources */,
				F78E491F2052C5D0009E838D /* TableViewCellTwo.swift in Sources */,
				F721359221118B5800B4F831 /* VCMyBarNonAlcoholicDetailReadMore.swift in Sources */,
				F7FAAD74206528C100A1916D /* ProfileAlcoholicCell.swift in Sources */,
				F7FAAD702065252C00A1916D /* VCProfileAlcoholic.swift in Sources */,
				F75801BB21070FB40070009D /* MyBarNonAlcoholicCell.swift in Sources */,
				F771ED9D2063D26E00C9C82A /* TableViewCellMyBarNonAlcoholic.swift in Sources */,
				F7037ADB20ADE87400647472 /* MBADItems.swift in Sources */,
				F721358C210A1C9300B4F831 /* MBNADCell.swift in Sources */,
				F72C4E00206D98320051946A /* VCMyBarAlcoholicDetail.swift in Sources */,
				F75801B92105D7A00070009D /* IngredientDetailMyBarStruct.swift in Sources */,
				F78E4937205845E7009E838D /* HeaderVCCocktails.swift in Sources */,
				F78E49232052C621009E838D /* TableViewCellThree.swift in Sources */,
				F771ED872063D1EA00C9C82A /* TableVCMyBarMyCocktails.swift in Sources */,
				F74E346920AA0E07000098AE /* CocktailList.swift in Sources */,
				F7FAAD672064F7A600A1916D /* MyBarAlcoholicCell.swift in Sources */,
				F771ED952063D24100C9C82A /* TableViewCellMyBarSuggestions.swift in Sources */,
				F771ED892063D1FE00C9C82A /* TableViewCellMyBarMyCocktails.swift in Sources */,
				F7580193210507DC0070009D /* CocktailGlass.swift in Sources */,
				F73F08C520517EAD00E769A5 /* FourthViewController.swift in Sources */,
			);
			runOnlyForDeploymentPostprocessing = 0;
		};
/* End PBXSourcesBuildPhase section */

/* Begin PBXVariantGroup section */
		F73F08AB2051708800E769A5 /* Main.storyboard */ = {
			isa = PBXVariantGroup;
			children = (
				F73F08AC2051708800E769A5 /* Base */,
			);
			name = Main.storyboard;
			sourceTree = "<group>";
		};
		F73F08B02051708800E769A5 /* LaunchScreen.storyboard */ = {
			isa = PBXVariantGroup;
			children = (
				F73F08B12051708800E769A5 /* Base */,
			);
			name = LaunchScreen.storyboard;
			sourceTree = "<group>";
		};
/* End PBXVariantGroup section */

/* Begin XCBuildConfiguration section */
		F73F08B42051708800E769A5 /* Debug */ = {
			isa = XCBuildConfiguration;
			buildSettings = {
				ALWAYS_SEARCH_USER_PATHS = NO;
				CLANG_ANALYZER_NONNULL = YES;
				CLANG_ANALYZER_NUMBER_OBJECT_CONVERSION = YES_AGGRESSIVE;
				CLANG_CXX_LANGUAGE_STANDARD = "gnu++14";
				CLANG_CXX_LIBRARY = "libc++";
				CLANG_ENABLE_MODULES = YES;
				CLANG_ENABLE_OBJC_ARC = YES;
				CLANG_WARN_BLOCK_CAPTURE_AUTORELEASING = YES;
				CLANG_WARN_BOOL_CONVERSION = YES;
				CLANG_WARN_COMMA = YES;
				CLANG_WARN_CONSTANT_CONVERSION = YES;
				CLANG_WARN_DEPRECATED_OBJC_IMPLEMENTATIONS = YES;
				CLANG_WARN_DIRECT_OBJC_ISA_USAGE = YES_ERROR;
				CLANG_WARN_DOCUMENTATION_COMMENTS = YES;
				CLANG_WARN_EMPTY_BODY = YES;
				CLANG_WARN_ENUM_CONVERSION = YES;
				CLANG_WARN_INFINITE_RECURSION = YES;
				CLANG_WARN_INT_CONVERSION = YES;
				CLANG_WARN_NON_LITERAL_NULL_CONVERSION = YES;
				CLANG_WARN_OBJC_IMPLICIT_RETAIN_SELF = YES;
				CLANG_WARN_OBJC_LITERAL_CONVERSION = YES;
				CLANG_WARN_OBJC_ROOT_CLASS = YES_ERROR;
				CLANG_WARN_RANGE_LOOP_ANALYSIS = YES;
				CLANG_WARN_STRICT_PROTOTYPES = YES;
				CLANG_WARN_SUSPICIOUS_MOVE = YES;
				CLANG_WARN_UNGUARDED_AVAILABILITY = YES_AGGRESSIVE;
				CLANG_WARN_UNREACHABLE_CODE = YES;
				CLANG_WARN__DUPLICATE_METHOD_MATCH = YES;
				CODE_SIGN_IDENTITY = "iPhone Developer";
				COPY_PHASE_STRIP = NO;
				DEBUG_INFORMATION_FORMAT = dwarf;
				ENABLE_STRICT_OBJC_MSGSEND = YES;
				ENABLE_TESTABILITY = YES;
				GCC_C_LANGUAGE_STANDARD = gnu11;
				GCC_DYNAMIC_NO_PIC = NO;
				GCC_NO_COMMON_BLOCKS = YES;
				GCC_OPTIMIZATION_LEVEL = 0;
				GCC_PREPROCESSOR_DEFINITIONS = (
					"DEBUG=1",
					"$(inherited)",
				);
				GCC_WARN_64_TO_32_BIT_CONVERSION = YES;
				GCC_WARN_ABOUT_RETURN_TYPE = YES_ERROR;
				GCC_WARN_UNDECLARED_SELECTOR = YES;
				GCC_WARN_UNINITIALIZED_AUTOS = YES_AGGRESSIVE;
				GCC_WARN_UNUSED_FUNCTION = YES;
				GCC_WARN_UNUSED_VARIABLE = YES;
				IPHONEOS_DEPLOYMENT_TARGET = 11.3;
				MTL_ENABLE_DEBUG_INFO = YES;
				ONLY_ACTIVE_ARCH = YES;
				SDKROOT = iphoneos;
				SWIFT_ACTIVE_COMPILATION_CONDITIONS = DEBUG;
				SWIFT_COMPILATION_MODE = singlefile;
				SWIFT_OPTIMIZATION_LEVEL = "-Onone";
			};
			name = Debug;
		};
		F73F08B52051708800E769A5 /* Release */ = {
			isa = XCBuildConfiguration;
			buildSettings = {
				ALWAYS_SEARCH_USER_PATHS = NO;
				CLANG_ANALYZER_NONNULL = YES;
				CLANG_ANALYZER_NUMBER_OBJECT_CONVERSION = YES_AGGRESSIVE;
				CLANG_CXX_LANGUAGE_STANDARD = "gnu++14";
				CLANG_CXX_LIBRARY = "libc++";
				CLANG_ENABLE_MODULES = YES;
				CLANG_ENABLE_OBJC_ARC = YES;
				CLANG_WARN_BLOCK_CAPTURE_AUTORELEASING = YES;
				CLANG_WARN_BOOL_CONVERSION = YES;
				CLANG_WARN_COMMA = YES;
				CLANG_WARN_CONSTANT_CONVERSION = YES;
				CLANG_WARN_DEPRECATED_OBJC_IMPLEMENTATIONS = YES;
				CLANG_WARN_DIRECT_OBJC_ISA_USAGE = YES_ERROR;
				CLANG_WARN_DOCUMENTATION_COMMENTS = YES;
				CLANG_WARN_EMPTY_BODY = YES;
				CLANG_WARN_ENUM_CONVERSION = YES;
				CLANG_WARN_INFINITE_RECURSION = YES;
				CLANG_WARN_INT_CONVERSION = YES;
				CLANG_WARN_NON_LITERAL_NULL_CONVERSION = YES;
				CLANG_WARN_OBJC_IMPLICIT_RETAIN_SELF = YES;
				CLANG_WARN_OBJC_LITERAL_CONVERSION = YES;
				CLANG_WARN_OBJC_ROOT_CLASS = YES_ERROR;
				CLANG_WARN_RANGE_LOOP_ANALYSIS = YES;
				CLANG_WARN_STRICT_PROTOTYPES = YES;
				CLANG_WARN_SUSPICIOUS_MOVE = YES;
				CLANG_WARN_UNGUARDED_AVAILABILITY = YES_AGGRESSIVE;
				CLANG_WARN_UNREACHABLE_CODE = YES;
				CLANG_WARN__DUPLICATE_METHOD_MATCH = YES;
				CODE_SIGN_IDENTITY = "iPhone Developer";
				COPY_PHASE_STRIP = NO;
				DEBUG_INFORMATION_FORMAT = "dwarf-with-dsym";
				ENABLE_NS_ASSERTIONS = NO;
				ENABLE_STRICT_OBJC_MSGSEND = YES;
				GCC_C_LANGUAGE_STANDARD = gnu11;
				GCC_NO_COMMON_BLOCKS = YES;
				GCC_WARN_64_TO_32_BIT_CONVERSION = YES;
				GCC_WARN_ABOUT_RETURN_TYPE = YES_ERROR;
				GCC_WARN_UNDECLARED_SELECTOR = YES;
				GCC_WARN_UNINITIALIZED_AUTOS = YES_AGGRESSIVE;
				GCC_WARN_UNUSED_FUNCTION = YES;
				GCC_WARN_UNUSED_VARIABLE = YES;
				IPHONEOS_DEPLOYMENT_TARGET = 11.3;
				MTL_ENABLE_DEBUG_INFO = NO;
				SDKROOT = iphoneos;
				SWIFT_COMPILATION_MODE = wholemodule;
				SWIFT_OPTIMIZATION_LEVEL = "-O";
				VALIDATE_PRODUCT = YES;
			};
			name = Release;
		};
		F73F08B72051708800E769A5 /* Debug */ = {
			isa = XCBuildConfiguration;
			baseConfigurationReference = 301CC0282EECA8FA1B058895 /* Pods-CG2.debug.xcconfig */;
			buildSettings = {
				ASSETCATALOG_COMPILER_APPICON_NAME = AppIcon;
				CODE_SIGN_STYLE = Automatic;
				DEVELOPMENT_TEAM = A92DW6C75Q;
				INFOPLIST_FILE = CG2/Info.plist;
				IPHONEOS_DEPLOYMENT_TARGET = 11.3;
				LD_RUNPATH_SEARCH_PATHS = (
					"$(inherited)",
					"@executable_path/Frameworks",
				);
				PRODUCT_BUNDLE_IDENTIFIER = tom.CG2;
				PRODUCT_NAME = "$(TARGET_NAME)";
				SWIFT_VERSION = 4.0;
				TARGETED_DEVICE_FAMILY = "1,2";
			};
			name = Debug;
		};
		F73F08B82051708800E769A5 /* Release */ = {
			isa = XCBuildConfiguration;
			baseConfigurationReference = FB837EACEF8ACA1DF336B94A /* Pods-CG2.release.xcconfig */;
			buildSettings = {
				ASSETCATALOG_COMPILER_APPICON_NAME = AppIcon;
				CODE_SIGN_STYLE = Automatic;
				DEVELOPMENT_TEAM = A92DW6C75Q;
				INFOPLIST_FILE = CG2/Info.plist;
				IPHONEOS_DEPLOYMENT_TARGET = 11.3;
				LD_RUNPATH_SEARCH_PATHS = (
					"$(inherited)",
					"@executable_path/Frameworks",
				);
				PRODUCT_BUNDLE_IDENTIFIER = tom.CG2;
				PRODUCT_NAME = "$(TARGET_NAME)";
				SWIFT_VERSION = 4.0;
				TARGETED_DEVICE_FAMILY = "1,2";
			};
			name = Release;
		};
/* End XCBuildConfiguration section */

/* Begin XCConfigurationList section */
		F73F089F2051708800E769A5 /* Build configuration list for PBXProject "CG2" */ = {
			isa = XCConfigurationList;
			buildConfigurations = (
				F73F08B42051708800E769A5 /* Debug */,
				F73F08B52051708800E769A5 /* Release */,
			);
			defaultConfigurationIsVisible = 0;
			defaultConfigurationName = Release;
		};
		F73F08B62051708800E769A5 /* Build configuration list for PBXNativeTarget "CG2" */ = {
			isa = XCConfigurationList;
			buildConfigurations = (
				F73F08B72051708800E769A5 /* Debug */,
				F73F08B82051708800E769A5 /* Release */,
			);
			defaultConfigurationIsVisible = 0;
			defaultConfigurationName = Release;
		};
/* End XCConfigurationList section */

/* Begin XCVersionGroup section */
		F75E0B1520C6E5BC00788F0F /* CG2.xcdatamodeld */ = {
			isa = XCVersionGroup;
			children = (
				F75E0B1620C6E5BC00788F0F /* CG2.xcdatamodel */,
			);
			currentVersion = F75E0B1620C6E5BC00788F0F /* CG2.xcdatamodel */;
			path = CG2.xcdatamodeld;
			sourceTree = "<group>";
			versionGroupType = wrapper.xcdatamodel;
		};
/* End XCVersionGroup section */
	};
	rootObject = F73F089C2051708800E769A5 /* Project object */;
}
